
Microsoft Visual Studio Solution File, Format Version 12.00
# Visual Studio Version 17
VisualStudioVersion = 17.11.35327.3
MinimumVisualStudioVersion = 10.0.40219.1
Project("{2150E333-8FDC-42A3-9474-1A3956D46DE8}") = "Lekcje-2", "Lekcje-2", "{1B476CCA-A582-46BB-86EA-9A75DA2A4463}"
EndProject
Project("{2150E333-8FDC-42A3-9474-1A3956D46DE8}") = "Lekcje-3", "Lekcje-3", "{DF3911B4-E252-481E-8E5F-442379888B25}"
EndProject
Project("{9A19103F-16F7-4668-BE54-9A1E7A4F7556}") = "Zadanie-1", "Lekcje-2\Zadanie-1\Zadanie-1.csproj", "{98C10947-8B17-4F90-97B2-DB2597A79EFA}"
EndProject
Project("{9A19103F-16F7-4668-BE54-9A1E7A4F7556}") = "Zadanie-2", "Lekcje-2\Zadanie-2\Zadanie-2.csproj", "{E366EECC-B98D-4AD9-81D7-A9CB6B88258C}"
EndProject
Project("{9A19103F-16F7-4668-BE54-9A1E7A4F7556}") = "Zadanie-3", "Lekcje-2\Zadanie-3\Zadanie-3.csproj", "{64458948-69DA-4541-A846-28A1C5B4B332}"
EndProject
Project("{9A19103F-16F7-4668-BE54-9A1E7A4F7556}") = "Zadanie-4", "Lekcje-2\Zadanie-4\Zadanie-4.csproj", "{F42273C7-A9FC-40DB-BF8E-639CA3EEB7DD}"
EndProject
Project("{9A19103F-16F7-4668-BE54-9A1E7A4F7556}") = "Zadanie-5", "Lekcje-2\Zadanie-5\Zadanie-5.csproj", "{810A3B70-13A7-413E-9F45-D57EFF14EA3D}"
EndProject
Project("{9A19103F-16F7-4668-BE54-9A1E7A4F7556}") = "Zadanie-7", "Lekcje-2\Zadanie-7\Zadanie-7.csproj", "{A78C17E6-E487-442D-BE86-5D1C15F96F2B}"
EndProject
Project("{9A19103F-16F7-4668-BE54-9A1E7A4F7556}") = "Zadanie-8", "Lekcje-2\Zadanie-8\Zadanie-8.csproj", "{F4C84F5D-1FB5-41D2-97BE-7E535DA077DB}"
EndProject
Project("{9A19103F-16F7-4668-BE54-9A1E7A4F7556}") = "Zadanie-6", "Lekcje-2\Zadanie-6\Zadanie-6.csproj", "{422C4850-8D7B-4F4C-8A14-E6467BEE43B5}"
EndProject
Project("{9A19103F-16F7-4668-BE54-9A1E7A4F7556}") = "Zadanie-9", "Lekcje-2\Zadanie-9\Zadanie-9.csproj", "{C731FD10-AA50-4F72-89B8-2F3293B5C33A}"
EndProject
Project("{9A19103F-16F7-4668-BE54-9A1E7A4F7556}") = "Zadanie-10", "Lekcje-2\Zadanie-10\Zadanie-10.csproj", "{951F0488-C172-45A7-9397-29B4BFDB1F56}"
EndProject
Project("{9A19103F-16F7-4668-BE54-9A1E7A4F7556}") = "Zadanie-11", "Lekcje-2\Zadanie-11\Zadanie-11.csproj", "{30C884DB-8949-4E10-A58C-15D8CBCD0366}"
EndProject
Project("{9A19103F-16F7-4668-BE54-9A1E7A4F7556}") = "Zadanie-12", "Lekcje-2\Zadanie-12\Zadanie-12.csproj", "{8383A8B2-B597-4533-B936-50604E09E237}"
EndProject
Project("{9A19103F-16F7-4668-BE54-9A1E7A4F7556}") = "Zadanie-13", "Lekcje-2\Zadanie-13\Zadanie-13.csproj", "{C2B09C9F-C95D-4A1E-AC59-BAB7E88C441C}"
EndProject
Project("{9A19103F-16F7-4668-BE54-9A1E7A4F7556}") = "Zadanie-1", "Lekcje-3\Zadanie-1\Zadanie-1.csproj", "{740AE6B7-F04C-4586-A09C-D07F496E6979}"
EndProject
Project("{9A19103F-16F7-4668-BE54-9A1E7A4F7556}") = "Zadanie-2", "Lekcje-3\Zadanie-2\Zadanie-2.csproj", "{7A9A3F78-CA09-434B-8ED1-EF820D8D13FD}"
EndProject
Project("{9A19103F-16F7-4668-BE54-9A1E7A4F7556}") = "Zadanie-3", "Lekcje-3\Zadanie-3\Zadanie-3.csproj", "{1D782847-320C-4DAB-A1D7-5D35AD356FE0}"
EndProject
Project("{9A19103F-16F7-4668-BE54-9A1E7A4F7556}") = "Zadanie-4", "Lekcje-3\Zadanie-4\Zadanie-4.csproj", "{FE2AD383-A5BD-4BFA-BF07-8E4F308E0E90}"
EndProject
Project("{9A19103F-16F7-4668-BE54-9A1E7A4F7556}") = "Zadanie-6", "Lekcje-3\Zadanie-6\Zadanie-6.csproj", "{22C32FA5-169B-4D96-81F5-0EBFF1C97854}"
EndProject
Project("{9A19103F-16F7-4668-BE54-9A1E7A4F7556}") = "Zadanie-5", "Lekcje-3\Zadanie-5\Zadanie-5.csproj", "{9C7A7EEF-D453-4BA0-8ED1-1DF89BCC7410}"
EndProject
Project("{9A19103F-16F7-4668-BE54-9A1E7A4F7556}") = "Zadanie-7", "Lekcje-3\Zadanie-7\Zadanie-7.csproj", "{AEDAA712-C8C1-4B9C-B2D8-F6C73331ABC2}"
EndProject
Project("{9A19103F-16F7-4668-BE54-9A1E7A4F7556}") = "Zadanie-10", "Lekcje-3\Zadanie-10\Zadanie-10.csproj", "{18DFD90C-46DA-4FD7-962A-AAF774748242}"
EndProject
Project("{9A19103F-16F7-4668-BE54-9A1E7A4F7556}") = "Zadanie-12", "Lekcje-3\Zadanie-12\Zadanie-12.csproj", "{DC8B2D24-F7F3-49D5-8E88-864B6F740561}"
EndProject
Project("{9A19103F-16F7-4668-BE54-9A1E7A4F7556}") = "Zadanie-8-9", "Lekcje-3\Zadanie-8\Zadanie-8-9.csproj", "{5957D917-3026-4672-9B83-CA7903700CDE}"
EndProject
Project("{9A19103F-16F7-4668-BE54-9A1E7A4F7556}") = "Zadanie-11", "Lekcje-3\Zadanie-11\Zadanie-11.csproj", "{CE88C021-74B7-4D2B-8BAB-ABF53EC14290}"
EndProject
Project("{9A19103F-16F7-4668-BE54-9A1E7A4F7556}") = "Zadanie-13", "Lekcje-3\Zadanie-13\Zadanie-13.csproj", "{4CAFFA39-CC1E-4B83-85EF-E2F7F8F7749E}"
EndProject
Project("{9A19103F-16F7-4668-BE54-9A1E7A4F7556}") = "Zadanie-14", "Lekcje-3\Zadanie-14\Zadanie-14.csproj", "{F1DDAB85-5FA7-479D-989B-21319C6967DC}"
EndProject
Project("{2150E333-8FDC-42A3-9474-1A3956D46DE8}") = "Lekcje-4", "Lekcje-4", "{648CEB80-72DE-4BB6-8BBB-D995CCB5A027}"
EndProject
Project("{9A19103F-16F7-4668-BE54-9A1E7A4F7556}") = "Zadanie-1", "Lekcje-4\Zadanie-1\Zadanie-1.csproj", "{631767BE-003A-416B-8BFE-609BA71DD741}"
EndProject
Project("{9A19103F-16F7-4668-BE54-9A1E7A4F7556}") = "Zadanie-2", "Lekcje-4\Zadanie-2\Zadanie-2.csproj", "{BC6D7D9E-1D05-425F-8F88-A4C942100908}"
EndProject
Project("{9A19103F-16F7-4668-BE54-9A1E7A4F7556}") = "Zadanie-3", "Lekcje-4\Zadanie-3\Zadanie-3.csproj", "{D4850B05-660D-4439-90BA-4773F637DA89}"
EndProject
Project("{9A19103F-16F7-4668-BE54-9A1E7A4F7556}") = "Zadanie-4", "Lekcje-4\Zadanie-4\Zadanie-4.csproj", "{4A89AA93-8379-4DD4-BE0A-1BCFC4488C20}"
EndProject
Project("{9A19103F-16F7-4668-BE54-9A1E7A4F7556}") = "Zadanie-5", "Lekcje-4\Zadanie-5\Zadanie-5.csproj", "{73D89E71-660E-4939-8146-A78326C15BD6}"
EndProject
Project("{9A19103F-16F7-4668-BE54-9A1E7A4F7556}") = "Zadanie-6", "Lekcje-4\Zadanie-6\Zadanie-6.csproj", "{F348DFEA-E856-4308-B603-BB264B72EA3C}"
EndProject
Project("{9A19103F-16F7-4668-BE54-9A1E7A4F7556}") = "Zadanie-7", "Lekcje-4\Zadanie-7\Zadanie-7.csproj", "{DEC45F02-3A3A-4083-8995-4ED995349EDC}"
EndProject
Project("{2150E333-8FDC-42A3-9474-1A3956D46DE8}") = "Lekcje-5", "Lekcje-5", "{1FD9815E-E360-4547-8B2A-7B4D80F5AA25}"
EndProject
Project("{9A19103F-16F7-4668-BE54-9A1E7A4F7556}") = "Zadanie-1", "Lekcje-5\Zadanie-1\Zadanie-1.csproj", "{D7BF32DB-BDE3-4870-BFE0-DD586392AD82}"
EndProject
Project("{9A19103F-16F7-4668-BE54-9A1E7A4F7556}") = "Zadaanie-2-3", "Lekcje-3\Zadaanie-2-3\Zadaanie-2-3.csproj", "{C0EB8805-175B-4259-91CA-B78EDE29E8C9}"
EndProject
Project("{2150E333-8FDC-42A3-9474-1A3956D46DE8}") = "Lekcje-6", "Lekcje-6", "{D26FF5B0-7037-4899-A2BF-F41E3BAE0545}"
EndProject
Project("{FAE04EC0-301F-11D3-BF4B-00C04F79EFBC}") = "Zadanie-1", "Lekcje-6\Zadanie-1\Zadanie-1.csproj", "{42BA69DD-CDC2-4D46-803F-05D8DE63943E}"
EndProject
Project("{FAE04EC0-301F-11D3-BF4B-00C04F79EFBC}") = "Zadanie-2", "Lekcje-6\Zadanie-2\Zadanie-2.csproj", "{4A5B1F5C-38F1-47C3-A9BF-1CE4449B660F}"
EndProject
Project("{FAE04EC0-301F-11D3-BF4B-00C04F79EFBC}") = "Zadanie-3", "Lekcje-6\Zadanie-3\Zadanie-3.csproj", "{81ED94B2-8B89-4835-BBB3-865656D9265D}"
EndProject
Global
	GlobalSection(SolutionConfigurationPlatforms) = preSolution
		Debug|Any CPU = Debug|Any CPU
		Release|Any CPU = Release|Any CPU
	EndGlobalSection
	GlobalSection(ProjectConfigurationPlatforms) = postSolution
		{98C10947-8B17-4F90-97B2-DB2597A79EFA}.Debug|Any CPU.ActiveCfg = Debug|Any CPU
		{98C10947-8B17-4F90-97B2-DB2597A79EFA}.Debug|Any CPU.Build.0 = Debug|Any CPU
		{98C10947-8B17-4F90-97B2-DB2597A79EFA}.Release|Any CPU.ActiveCfg = Release|Any CPU
		{98C10947-8B17-4F90-97B2-DB2597A79EFA}.Release|Any CPU.Build.0 = Release|Any CPU
		{E366EECC-B98D-4AD9-81D7-A9CB6B88258C}.Debug|Any CPU.ActiveCfg = Debug|Any CPU
		{E366EECC-B98D-4AD9-81D7-A9CB6B88258C}.Debug|Any CPU.Build.0 = Debug|Any CPU
		{E366EECC-B98D-4AD9-81D7-A9CB6B88258C}.Release|Any CPU.ActiveCfg = Release|Any CPU
		{E366EECC-B98D-4AD9-81D7-A9CB6B88258C}.Release|Any CPU.Build.0 = Release|Any CPU
		{64458948-69DA-4541-A846-28A1C5B4B332}.Debug|Any CPU.ActiveCfg = Debug|Any CPU
		{64458948-69DA-4541-A846-28A1C5B4B332}.Debug|Any CPU.Build.0 = Debug|Any CPU
		{64458948-69DA-4541-A846-28A1C5B4B332}.Release|Any CPU.ActiveCfg = Release|Any CPU
		{64458948-69DA-4541-A846-28A1C5B4B332}.Release|Any CPU.Build.0 = Release|Any CPU
		{F42273C7-A9FC-40DB-BF8E-639CA3EEB7DD}.Debug|Any CPU.ActiveCfg = Debug|Any CPU
		{F42273C7-A9FC-40DB-BF8E-639CA3EEB7DD}.Debug|Any CPU.Build.0 = Debug|Any CPU
		{F42273C7-A9FC-40DB-BF8E-639CA3EEB7DD}.Release|Any CPU.ActiveCfg = Release|Any CPU
		{F42273C7-A9FC-40DB-BF8E-639CA3EEB7DD}.Release|Any CPU.Build.0 = Release|Any CPU
		{810A3B70-13A7-413E-9F45-D57EFF14EA3D}.Debug|Any CPU.ActiveCfg = Debug|Any CPU
		{810A3B70-13A7-413E-9F45-D57EFF14EA3D}.Debug|Any CPU.Build.0 = Debug|Any CPU
		{810A3B70-13A7-413E-9F45-D57EFF14EA3D}.Release|Any CPU.ActiveCfg = Release|Any CPU
		{810A3B70-13A7-413E-9F45-D57EFF14EA3D}.Release|Any CPU.Build.0 = Release|Any CPU
		{A78C17E6-E487-442D-BE86-5D1C15F96F2B}.Debug|Any CPU.ActiveCfg = Debug|Any CPU
		{A78C17E6-E487-442D-BE86-5D1C15F96F2B}.Debug|Any CPU.Build.0 = Debug|Any CPU
		{A78C17E6-E487-442D-BE86-5D1C15F96F2B}.Release|Any CPU.ActiveCfg = Release|Any CPU
		{A78C17E6-E487-442D-BE86-5D1C15F96F2B}.Release|Any CPU.Build.0 = Release|Any CPU
		{F4C84F5D-1FB5-41D2-97BE-7E535DA077DB}.Debug|Any CPU.ActiveCfg = Debug|Any CPU
		{F4C84F5D-1FB5-41D2-97BE-7E535DA077DB}.Debug|Any CPU.Build.0 = Debug|Any CPU
		{F4C84F5D-1FB5-41D2-97BE-7E535DA077DB}.Release|Any CPU.ActiveCfg = Release|Any CPU
		{F4C84F5D-1FB5-41D2-97BE-7E535DA077DB}.Release|Any CPU.Build.0 = Release|Any CPU
		{422C4850-8D7B-4F4C-8A14-E6467BEE43B5}.Debug|Any CPU.ActiveCfg = Debug|Any CPU
		{422C4850-8D7B-4F4C-8A14-E6467BEE43B5}.Debug|Any CPU.Build.0 = Debug|Any CPU
		{422C4850-8D7B-4F4C-8A14-E6467BEE43B5}.Release|Any CPU.ActiveCfg = Release|Any CPU
		{422C4850-8D7B-4F4C-8A14-E6467BEE43B5}.Release|Any CPU.Build.0 = Release|Any CPU
		{C731FD10-AA50-4F72-89B8-2F3293B5C33A}.Debug|Any CPU.ActiveCfg = Debug|Any CPU
		{C731FD10-AA50-4F72-89B8-2F3293B5C33A}.Debug|Any CPU.Build.0 = Debug|Any CPU
		{C731FD10-AA50-4F72-89B8-2F3293B5C33A}.Release|Any CPU.ActiveCfg = Release|Any CPU
		{C731FD10-AA50-4F72-89B8-2F3293B5C33A}.Release|Any CPU.Build.0 = Release|Any CPU
		{951F0488-C172-45A7-9397-29B4BFDB1F56}.Debug|Any CPU.ActiveCfg = Debug|Any CPU
		{951F0488-C172-45A7-9397-29B4BFDB1F56}.Debug|Any CPU.Build.0 = Debug|Any CPU
		{951F0488-C172-45A7-9397-29B4BFDB1F56}.Release|Any CPU.ActiveCfg = Release|Any CPU
		{951F0488-C172-45A7-9397-29B4BFDB1F56}.Release|Any CPU.Build.0 = Release|Any CPU
		{30C884DB-8949-4E10-A58C-15D8CBCD0366}.Debug|Any CPU.ActiveCfg = Debug|Any CPU
		{30C884DB-8949-4E10-A58C-15D8CBCD0366}.Debug|Any CPU.Build.0 = Debug|Any CPU
		{30C884DB-8949-4E10-A58C-15D8CBCD0366}.Release|Any CPU.ActiveCfg = Release|Any CPU
		{30C884DB-8949-4E10-A58C-15D8CBCD0366}.Release|Any CPU.Build.0 = Release|Any CPU
		{8383A8B2-B597-4533-B936-50604E09E237}.Debug|Any CPU.ActiveCfg = Debug|Any CPU
		{8383A8B2-B597-4533-B936-50604E09E237}.Debug|Any CPU.Build.0 = Debug|Any CPU
		{8383A8B2-B597-4533-B936-50604E09E237}.Release|Any CPU.ActiveCfg = Release|Any CPU
		{8383A8B2-B597-4533-B936-50604E09E237}.Release|Any CPU.Build.0 = Release|Any CPU
		{C2B09C9F-C95D-4A1E-AC59-BAB7E88C441C}.Debug|Any CPU.ActiveCfg = Debug|Any CPU
		{C2B09C9F-C95D-4A1E-AC59-BAB7E88C441C}.Debug|Any CPU.Build.0 = Debug|Any CPU
		{C2B09C9F-C95D-4A1E-AC59-BAB7E88C441C}.Release|Any CPU.ActiveCfg = Release|Any CPU
		{C2B09C9F-C95D-4A1E-AC59-BAB7E88C441C}.Release|Any CPU.Build.0 = Release|Any CPU
		{740AE6B7-F04C-4586-A09C-D07F496E6979}.Debug|Any CPU.ActiveCfg = Debug|Any CPU
		{740AE6B7-F04C-4586-A09C-D07F496E6979}.Debug|Any CPU.Build.0 = Debug|Any CPU
		{740AE6B7-F04C-4586-A09C-D07F496E6979}.Release|Any CPU.ActiveCfg = Release|Any CPU
		{740AE6B7-F04C-4586-A09C-D07F496E6979}.Release|Any CPU.Build.0 = Release|Any CPU
		{7A9A3F78-CA09-434B-8ED1-EF820D8D13FD}.Debug|Any CPU.ActiveCfg = Debug|Any CPU
		{7A9A3F78-CA09-434B-8ED1-EF820D8D13FD}.Debug|Any CPU.Build.0 = Debug|Any CPU
		{7A9A3F78-CA09-434B-8ED1-EF820D8D13FD}.Release|Any CPU.ActiveCfg = Release|Any CPU
		{7A9A3F78-CA09-434B-8ED1-EF820D8D13FD}.Release|Any CPU.Build.0 = Release|Any CPU
		{1D782847-320C-4DAB-A1D7-5D35AD356FE0}.Debug|Any CPU.ActiveCfg = Debug|Any CPU
		{1D782847-320C-4DAB-A1D7-5D35AD356FE0}.Debug|Any CPU.Build.0 = Debug|Any CPU
		{1D782847-320C-4DAB-A1D7-5D35AD356FE0}.Release|Any CPU.ActiveCfg = Release|Any CPU
		{1D782847-320C-4DAB-A1D7-5D35AD356FE0}.Release|Any CPU.Build.0 = Release|Any CPU
		{FE2AD383-A5BD-4BFA-BF07-8E4F308E0E90}.Debug|Any CPU.ActiveCfg = Debug|Any CPU
		{FE2AD383-A5BD-4BFA-BF07-8E4F308E0E90}.Debug|Any CPU.Build.0 = Debug|Any CPU
		{FE2AD383-A5BD-4BFA-BF07-8E4F308E0E90}.Release|Any CPU.ActiveCfg = Release|Any CPU
		{FE2AD383-A5BD-4BFA-BF07-8E4F308E0E90}.Release|Any CPU.Build.0 = Release|Any CPU
		{22C32FA5-169B-4D96-81F5-0EBFF1C97854}.Debug|Any CPU.ActiveCfg = Debug|Any CPU
		{22C32FA5-169B-4D96-81F5-0EBFF1C97854}.Debug|Any CPU.Build.0 = Debug|Any CPU
		{22C32FA5-169B-4D96-81F5-0EBFF1C97854}.Release|Any CPU.ActiveCfg = Release|Any CPU
		{22C32FA5-169B-4D96-81F5-0EBFF1C97854}.Release|Any CPU.Build.0 = Release|Any CPU
		{9C7A7EEF-D453-4BA0-8ED1-1DF89BCC7410}.Debug|Any CPU.ActiveCfg = Debug|Any CPU
		{9C7A7EEF-D453-4BA0-8ED1-1DF89BCC7410}.Debug|Any CPU.Build.0 = Debug|Any CPU
		{9C7A7EEF-D453-4BA0-8ED1-1DF89BCC7410}.Release|Any CPU.ActiveCfg = Release|Any CPU
		{9C7A7EEF-D453-4BA0-8ED1-1DF89BCC7410}.Release|Any CPU.Build.0 = Release|Any CPU
		{AEDAA712-C8C1-4B9C-B2D8-F6C73331ABC2}.Debug|Any CPU.ActiveCfg = Debug|Any CPU
		{AEDAA712-C8C1-4B9C-B2D8-F6C73331ABC2}.Debug|Any CPU.Build.0 = Debug|Any CPU
		{AEDAA712-C8C1-4B9C-B2D8-F6C73331ABC2}.Release|Any CPU.ActiveCfg = Release|Any CPU
		{AEDAA712-C8C1-4B9C-B2D8-F6C73331ABC2}.Release|Any CPU.Build.0 = Release|Any CPU
		{18DFD90C-46DA-4FD7-962A-AAF774748242}.Debug|Any CPU.ActiveCfg = Debug|Any CPU
		{18DFD90C-46DA-4FD7-962A-AAF774748242}.Debug|Any CPU.Build.0 = Debug|Any CPU
		{18DFD90C-46DA-4FD7-962A-AAF774748242}.Release|Any CPU.ActiveCfg = Release|Any CPU
		{18DFD90C-46DA-4FD7-962A-AAF774748242}.Release|Any CPU.Build.0 = Release|Any CPU
		{DC8B2D24-F7F3-49D5-8E88-864B6F740561}.Debug|Any CPU.ActiveCfg = Debug|Any CPU
		{DC8B2D24-F7F3-49D5-8E88-864B6F740561}.Debug|Any CPU.Build.0 = Debug|Any CPU
		{DC8B2D24-F7F3-49D5-8E88-864B6F740561}.Release|Any CPU.ActiveCfg = Release|Any CPU
		{DC8B2D24-F7F3-49D5-8E88-864B6F740561}.Release|Any CPU.Build.0 = Release|Any CPU
		{5957D917-3026-4672-9B83-CA7903700CDE}.Debug|Any CPU.ActiveCfg = Debug|Any CPU
		{5957D917-3026-4672-9B83-CA7903700CDE}.Debug|Any CPU.Build.0 = Debug|Any CPU
		{5957D917-3026-4672-9B83-CA7903700CDE}.Release|Any CPU.ActiveCfg = Release|Any CPU
		{5957D917-3026-4672-9B83-CA7903700CDE}.Release|Any CPU.Build.0 = Release|Any CPU
		{CE88C021-74B7-4D2B-8BAB-ABF53EC14290}.Debug|Any CPU.ActiveCfg = Debug|Any CPU
		{CE88C021-74B7-4D2B-8BAB-ABF53EC14290}.Debug|Any CPU.Build.0 = Debug|Any CPU
		{CE88C021-74B7-4D2B-8BAB-ABF53EC14290}.Release|Any CPU.ActiveCfg = Release|Any CPU
		{CE88C021-74B7-4D2B-8BAB-ABF53EC14290}.Release|Any CPU.Build.0 = Release|Any CPU
		{4CAFFA39-CC1E-4B83-85EF-E2F7F8F7749E}.Debug|Any CPU.ActiveCfg = Debug|Any CPU
		{4CAFFA39-CC1E-4B83-85EF-E2F7F8F7749E}.Debug|Any CPU.Build.0 = Debug|Any CPU
		{4CAFFA39-CC1E-4B83-85EF-E2F7F8F7749E}.Release|Any CPU.ActiveCfg = Release|Any CPU
		{4CAFFA39-CC1E-4B83-85EF-E2F7F8F7749E}.Release|Any CPU.Build.0 = Release|Any CPU
		{F1DDAB85-5FA7-479D-989B-21319C6967DC}.Debug|Any CPU.ActiveCfg = Debug|Any CPU
		{F1DDAB85-5FA7-479D-989B-21319C6967DC}.Debug|Any CPU.Build.0 = Debug|Any CPU
		{F1DDAB85-5FA7-479D-989B-21319C6967DC}.Release|Any CPU.ActiveCfg = Release|Any CPU
		{F1DDAB85-5FA7-479D-989B-21319C6967DC}.Release|Any CPU.Build.0 = Release|Any CPU
		{631767BE-003A-416B-8BFE-609BA71DD741}.Debug|Any CPU.ActiveCfg = Debug|Any CPU
		{631767BE-003A-416B-8BFE-609BA71DD741}.Debug|Any CPU.Build.0 = Debug|Any CPU
		{631767BE-003A-416B-8BFE-609BA71DD741}.Release|Any CPU.ActiveCfg = Release|Any CPU
		{631767BE-003A-416B-8BFE-609BA71DD741}.Release|Any CPU.Build.0 = Release|Any CPU
		{BC6D7D9E-1D05-425F-8F88-A4C942100908}.Debug|Any CPU.ActiveCfg = Debug|Any CPU
		{BC6D7D9E-1D05-425F-8F88-A4C942100908}.Debug|Any CPU.Build.0 = Debug|Any CPU
		{BC6D7D9E-1D05-425F-8F88-A4C942100908}.Release|Any CPU.ActiveCfg = Release|Any CPU
		{BC6D7D9E-1D05-425F-8F88-A4C942100908}.Release|Any CPU.Build.0 = Release|Any CPU
		{D4850B05-660D-4439-90BA-4773F637DA89}.Debug|Any CPU.ActiveCfg = Debug|Any CPU
		{D4850B05-660D-4439-90BA-4773F637DA89}.Debug|Any CPU.Build.0 = Debug|Any CPU
		{D4850B05-660D-4439-90BA-4773F637DA89}.Release|Any CPU.ActiveCfg = Release|Any CPU
		{D4850B05-660D-4439-90BA-4773F637DA89}.Release|Any CPU.Build.0 = Release|Any CPU
		{4A89AA93-8379-4DD4-BE0A-1BCFC4488C20}.Debug|Any CPU.ActiveCfg = Debug|Any CPU
		{4A89AA93-8379-4DD4-BE0A-1BCFC4488C20}.Debug|Any CPU.Build.0 = Debug|Any CPU
		{4A89AA93-8379-4DD4-BE0A-1BCFC4488C20}.Release|Any CPU.ActiveCfg = Release|Any CPU
		{4A89AA93-8379-4DD4-BE0A-1BCFC4488C20}.Release|Any CPU.Build.0 = Release|Any CPU
		{73D89E71-660E-4939-8146-A78326C15BD6}.Debug|Any CPU.ActiveCfg = Debug|Any CPU
		{73D89E71-660E-4939-8146-A78326C15BD6}.Debug|Any CPU.Build.0 = Debug|Any CPU
		{73D89E71-660E-4939-8146-A78326C15BD6}.Release|Any CPU.ActiveCfg = Release|Any CPU
		{73D89E71-660E-4939-8146-A78326C15BD6}.Release|Any CPU.Build.0 = Release|Any CPU
		{F348DFEA-E856-4308-B603-BB264B72EA3C}.Debug|Any CPU.ActiveCfg = Debug|Any CPU
		{F348DFEA-E856-4308-B603-BB264B72EA3C}.Debug|Any CPU.Build.0 = Debug|Any CPU
		{F348DFEA-E856-4308-B603-BB264B72EA3C}.Release|Any CPU.ActiveCfg = Release|Any CPU
		{F348DFEA-E856-4308-B603-BB264B72EA3C}.Release|Any CPU.Build.0 = Release|Any CPU
		{DEC45F02-3A3A-4083-8995-4ED995349EDC}.Debug|Any CPU.ActiveCfg = Debug|Any CPU
		{DEC45F02-3A3A-4083-8995-4ED995349EDC}.Debug|Any CPU.Build.0 = Debug|Any CPU
		{DEC45F02-3A3A-4083-8995-4ED995349EDC}.Release|Any CPU.ActiveCfg = Release|Any CPU
		{DEC45F02-3A3A-4083-8995-4ED995349EDC}.Release|Any CPU.Build.0 = Release|Any CPU
		{D7BF32DB-BDE3-4870-BFE0-DD586392AD82}.Debug|Any CPU.ActiveCfg = Debug|Any CPU
		{D7BF32DB-BDE3-4870-BFE0-DD586392AD82}.Debug|Any CPU.Build.0 = Debug|Any CPU
		{D7BF32DB-BDE3-4870-BFE0-DD586392AD82}.Release|Any CPU.ActiveCfg = Release|Any CPU
		{D7BF32DB-BDE3-4870-BFE0-DD586392AD82}.Release|Any CPU.Build.0 = Release|Any CPU
		{C0EB8805-175B-4259-91CA-B78EDE29E8C9}.Debug|Any CPU.ActiveCfg = Debug|Any CPU
		{C0EB8805-175B-4259-91CA-B78EDE29E8C9}.Debug|Any CPU.Build.0 = Debug|Any CPU
		{C0EB8805-175B-4259-91CA-B78EDE29E8C9}.Release|Any CPU.ActiveCfg = Release|Any CPU
		{C0EB8805-175B-4259-91CA-B78EDE29E8C9}.Release|Any CPU.Build.0 = Release|Any CPU
		{42BA69DD-CDC2-4D46-803F-05D8DE63943E}.Debug|Any CPU.ActiveCfg = Debug|Any CPU
		{42BA69DD-CDC2-4D46-803F-05D8DE63943E}.Debug|Any CPU.Build.0 = Debug|Any CPU
		{42BA69DD-CDC2-4D46-803F-05D8DE63943E}.Release|Any CPU.ActiveCfg = Release|Any CPU
		{42BA69DD-CDC2-4D46-803F-05D8DE63943E}.Release|Any CPU.Build.0 = Release|Any CPU
		{4A5B1F5C-38F1-47C3-A9BF-1CE4449B660F}.Debug|Any CPU.ActiveCfg = Debug|Any CPU
		{4A5B1F5C-38F1-47C3-A9BF-1CE4449B660F}.Debug|Any CPU.Build.0 = Debug|Any CPU
		{4A5B1F5C-38F1-47C3-A9BF-1CE4449B660F}.Release|Any CPU.ActiveCfg = Release|Any CPU
		{4A5B1F5C-38F1-47C3-A9BF-1CE4449B660F}.Release|Any CPU.Build.0 = Release|Any CPU
		{81ED94B2-8B89-4835-BBB3-865656D9265D}.Debug|Any CPU.ActiveCfg = Debug|Any CPU
		{81ED94B2-8B89-4835-BBB3-865656D9265D}.Debug|Any CPU.Build.0 = Debug|Any CPU
		{81ED94B2-8B89-4835-BBB3-865656D9265D}.Release|Any CPU.ActiveCfg = Release|Any CPU
		{81ED94B2-8B89-4835-BBB3-865656D9265D}.Release|Any CPU.Build.0 = Release|Any CPU
	EndGlobalSection
	GlobalSection(SolutionProperties) = preSolution
		HideSolutionNode = FALSE
	EndGlobalSection
	GlobalSection(NestedProjects) = preSolution
		{98C10947-8B17-4F90-97B2-DB2597A79EFA} = {1B476CCA-A582-46BB-86EA-9A75DA2A4463}
		{E366EECC-B98D-4AD9-81D7-A9CB6B88258C} = {1B476CCA-A582-46BB-86EA-9A75DA2A4463}
		{64458948-69DA-4541-A846-28A1C5B4B332} = {1B476CCA-A582-46BB-86EA-9A75DA2A4463}
		{F42273C7-A9FC-40DB-BF8E-639CA3EEB7DD} = {1B476CCA-A582-46BB-86EA-9A75DA2A4463}
		{810A3B70-13A7-413E-9F45-D57EFF14EA3D} = {1B476CCA-A582-46BB-86EA-9A75DA2A4463}
		{A78C17E6-E487-442D-BE86-5D1C15F96F2B} = {1B476CCA-A582-46BB-86EA-9A75DA2A4463}
		{F4C84F5D-1FB5-41D2-97BE-7E535DA077DB} = {1B476CCA-A582-46BB-86EA-9A75DA2A4463}
		{422C4850-8D7B-4F4C-8A14-E6467BEE43B5} = {1B476CCA-A582-46BB-86EA-9A75DA2A4463}
		{C731FD10-AA50-4F72-89B8-2F3293B5C33A} = {1B476CCA-A582-46BB-86EA-9A75DA2A4463}
		{951F0488-C172-45A7-9397-29B4BFDB1F56} = {1B476CCA-A582-46BB-86EA-9A75DA2A4463}
		{30C884DB-8949-4E10-A58C-15D8CBCD0366} = {1B476CCA-A582-46BB-86EA-9A75DA2A4463}
		{8383A8B2-B597-4533-B936-50604E09E237} = {1B476CCA-A582-46BB-86EA-9A75DA2A4463}
		{C2B09C9F-C95D-4A1E-AC59-BAB7E88C441C} = {1B476CCA-A582-46BB-86EA-9A75DA2A4463}
		{740AE6B7-F04C-4586-A09C-D07F496E6979} = {DF3911B4-E252-481E-8E5F-442379888B25}
		{7A9A3F78-CA09-434B-8ED1-EF820D8D13FD} = {DF3911B4-E252-481E-8E5F-442379888B25}
		{1D782847-320C-4DAB-A1D7-5D35AD356FE0} = {DF3911B4-E252-481E-8E5F-442379888B25}
		{FE2AD383-A5BD-4BFA-BF07-8E4F308E0E90} = {DF3911B4-E252-481E-8E5F-442379888B25}
		{22C32FA5-169B-4D96-81F5-0EBFF1C97854} = {DF3911B4-E252-481E-8E5F-442379888B25}
		{9C7A7EEF-D453-4BA0-8ED1-1DF89BCC7410} = {DF3911B4-E252-481E-8E5F-442379888B25}
		{AEDAA712-C8C1-4B9C-B2D8-F6C73331ABC2} = {DF3911B4-E252-481E-8E5F-442379888B25}
		{18DFD90C-46DA-4FD7-962A-AAF774748242} = {DF3911B4-E252-481E-8E5F-442379888B25}
		{DC8B2D24-F7F3-49D5-8E88-864B6F740561} = {DF3911B4-E252-481E-8E5F-442379888B25}
		{5957D917-3026-4672-9B83-CA7903700CDE} = {DF3911B4-E252-481E-8E5F-442379888B25}
		{CE88C021-74B7-4D2B-8BAB-ABF53EC14290} = {DF3911B4-E252-481E-8E5F-442379888B25}
		{4CAFFA39-CC1E-4B83-85EF-E2F7F8F7749E} = {DF3911B4-E252-481E-8E5F-442379888B25}
		{F1DDAB85-5FA7-479D-989B-21319C6967DC} = {DF3911B4-E252-481E-8E5F-442379888B25}
		{631767BE-003A-416B-8BFE-609BA71DD741} = {648CEB80-72DE-4BB6-8BBB-D995CCB5A027}
		{BC6D7D9E-1D05-425F-8F88-A4C942100908} = {648CEB80-72DE-4BB6-8BBB-D995CCB5A027}
		{D4850B05-660D-4439-90BA-4773F637DA89} = {648CEB80-72DE-4BB6-8BBB-D995CCB5A027}
		{4A89AA93-8379-4DD4-BE0A-1BCFC4488C20} = {648CEB80-72DE-4BB6-8BBB-D995CCB5A027}
		{73D89E71-660E-4939-8146-A78326C15BD6} = {648CEB80-72DE-4BB6-8BBB-D995CCB5A027}
		{F348DFEA-E856-4308-B603-BB264B72EA3C} = {648CEB80-72DE-4BB6-8BBB-D995CCB5A027}
		{DEC45F02-3A3A-4083-8995-4ED995349EDC} = {648CEB80-72DE-4BB6-8BBB-D995CCB5A027}
		{D7BF32DB-BDE3-4870-BFE0-DD586392AD82} = {1FD9815E-E360-4547-8B2A-7B4D80F5AA25}
		{C0EB8805-175B-4259-91CA-B78EDE29E8C9} = {1FD9815E-E360-4547-8B2A-7B4D80F5AA25}
		{42BA69DD-CDC2-4D46-803F-05D8DE63943E} = {D26FF5B0-7037-4899-A2BF-F41E3BAE0545}
		{4A5B1F5C-38F1-47C3-A9BF-1CE4449B660F} = {D26FF5B0-7037-4899-A2BF-F41E3BAE0545}
		{81ED94B2-8B89-4835-BBB3-865656D9265D} = {D26FF5B0-7037-4899-A2BF-F41E3BAE0545}
	EndGlobalSection
	GlobalSection(ExtensibilityGlobals) = postSolution
		SolutionGuid = {4411FEFF-B3BE-44ED-83F3-B5DCC4A8134F}
	EndGlobalSection
EndGlobal
